
Microsoft Visual Studio Solution File, Format Version 12.00
# Visual Studio Version 17
VisualStudioVersion = 17.0.31903.59
MinimumVisualStudioVersion = 10.0.40219.1
Project("{2150E333-8FDC-42A3-9474-1A3956D46DE8}") = "src", "src", "{C675A84F-927D-4DEE-82A3-D451A2A54188}"
EndProject
Project("{FAE04EC0-301F-11D3-BF4B-00C04F79EFBC}") = "EventManager.API", "src\EventManager.API\EventManager.API.csproj", "{B7C37B61-3040-4319-A918-44C1C309E15F}"
EndProject
Project("{FAE04EC0-301F-11D3-BF4B-00C04F79EFBC}") = "EventManager.Domain", "src\EventManager.Domain\EventManager.Domain.csproj", "{7220323A-0A44-4547-8BAC-517101DF2CE5}"
EndProject
Project("{FAE04EC0-301F-11D3-BF4B-00C04F79EFBC}") = "EventManager.Application", "src\EventManager.Application\EventManager.Application.csproj", "{6DCEF0FA-ACDA-4C84-85D5-3D695A206783}"
EndProject
Project("{FAE04EC0-301F-11D3-BF4B-00C04F79EFBC}") = "EventManager.Infrastructure", "src\EventManager.Infrastructure\EventManager.Infrastructure.csproj", "{0118E0AE-9D4C-4768-A080-CE9AC890E02B}"
EndProject
Global
	GlobalSection(SolutionConfigurationPlatforms) = preSolution
		Debug|Any CPU = Debug|Any CPU
		Release|Any CPU = Release|Any CPU
	EndGlobalSection
	GlobalSection(SolutionProperties) = preSolution
		HideSolutionNode = FALSE
	EndGlobalSection
	GlobalSection(ProjectConfigurationPlatforms) = postSolution
		{B7C37B61-3040-4319-A918-44C1C309E15F}.Debug|Any CPU.ActiveCfg = Debug|Any CPU
		{B7C37B61-3040-4319-A918-44C1C309E15F}.Debug|Any CPU.Build.0 = Debug|Any CPU
		{B7C37B61-3040-4319-A918-44C1C309E15F}.Release|Any CPU.ActiveCfg = Release|Any CPU
		{B7C37B61-3040-4319-A918-44C1C309E15F}.Release|Any CPU.Build.0 = Release|Any CPU
		{7220323A-0A44-4547-8BAC-517101DF2CE5}.Debug|Any CPU.ActiveCfg = Debug|Any CPU
		{7220323A-0A44-4547-8BAC-517101DF2CE5}.Debug|Any CPU.Build.0 = Debug|Any CPU
		{7220323A-0A44-4547-8BAC-517101DF2CE5}.Release|Any CPU.ActiveCfg = Release|Any CPU
		{7220323A-0A44-4547-8BAC-517101DF2CE5}.Release|Any CPU.Build.0 = Release|Any CPU
		{6DCEF0FA-ACDA-4C84-85D5-3D695A206783}.Debug|Any CPU.ActiveCfg = Debug|Any CPU
		{6DCEF0FA-ACDA-4C84-85D5-3D695A206783}.Debug|Any CPU.Build.0 = Debug|Any CPU
		{6DCEF0FA-ACDA-4C84-85D5-3D695A206783}.Release|Any CPU.ActiveCfg = Release|Any CPU
		{6DCEF0FA-ACDA-4C84-85D5-3D695A206783}.Release|Any CPU.Build.0 = Release|Any CPU
		{0118E0AE-9D4C-4768-A080-CE9AC890E02B}.Debug|Any CPU.ActiveCfg = Debug|Any CPU
		{0118E0AE-9D4C-4768-A080-CE9AC890E02B}.Debug|Any CPU.Build.0 = Debug|Any CPU
		{0118E0AE-9D4C-4768-A080-CE9AC890E02B}.Release|Any CPU.ActiveCfg = Release|Any CPU
		{0118E0AE-9D4C-4768-A080-CE9AC890E02B}.Release|Any CPU.Build.0 = Release|Any CPU
	EndGlobalSection
	GlobalSection(NestedProjects) = preSolution
		{B7C37B61-3040-4319-A918-44C1C309E15F} = {C675A84F-927D-4DEE-82A3-D451A2A54188}
		{7220323A-0A44-4547-8BAC-517101DF2CE5} = {C675A84F-927D-4DEE-82A3-D451A2A54188}
		{6DCEF0FA-ACDA-4C84-85D5-3D695A206783} = {C675A84F-927D-4DEE-82A3-D451A2A54188}
		{0118E0AE-9D4C-4768-A080-CE9AC890E02B} = {C675A84F-927D-4DEE-82A3-D451A2A54188}
	EndGlobalSection
EndGlobal
